{
  "name": "2nd_redux",
  "lockfileVersion": 3,
  "requires": true,
  "packages": {
    "": {
      "dependencies": {
        "@tanstack/react-query": "^5.17.5"
      }
    },
    "node_modules/@tanstack/query-core": {
      "version": "5.17.4",
      "resolved": "https://registry.npmjs.org/@tanstack/query-core/-/query-core-5.17.4.tgz",
      "integrity": "sha512-1J2vINgJ6OH1/qgN/ouDjnRZc67TnKQ2mlIODKQr36Aa2vjMdH6Fb3pIbCRh5N6u95q6z1olp90n22eTlp9Ykg==",
      "funding": {
        "type": "github",
        "url": "https://github.com/sponsors/tannerlinsley"
      }
    },
    "node_modules/@tanstack/react-query": {
      "version": "5.17.5",
      "resolved": "https://registry.npmjs.org/@tanstack/react-query/-/react-query-5.17.5.tgz",
      "integrity": "sha512-TwVmK2YHW/aG6eM5Xre7akBSZHrWWa5frwQR5Kg9ERIttlVWzUHrRcsMOlB5QsMgHtlauzzr6Rm6M8a0T9Iwdg==",
      "dependencies": {
        "@tanstack/query-core": "5.17.4"
      },
      "funding": {
        "type": "github",
        "url": "https://github.com/sponsors/tannerlinsley"
      },
      "peerDependencies": {
        "react": "^18.0.0"
      }
    },
    "node_modules/js-tokens": {
      "version": "4.0.0",
      "resolved": "https://registry.npmjs.org/js-tokens/-/js-tokens-4.0.0.tgz",
      "integrity": "sha512-RdJUflcE3cUzKiMqQgsCu06FPu9UdIJO0beYbPhHN4k6apgJtifcoCtT9bcxOpYBtpD2kCM6Sbzg4CausW/PKQ==",
      "peer": true
    },
    "node_modules/loose-envify": {
      "version": "1.4.0",
      "resolved": "https://registry.npmjs.org/loose-envify/-/loose-envify-1.4.0.tgz",
      "integrity": "sha512-lyuxPGr/Wfhrlem2CL/UcnUc1zcqKAImBDzukY7Y5F/yQiNdko6+fRLevlw1HgMySw7f611UIY408EtxRSoK3Q==",
      "peer": true,
      "dependencies": {
        "js-tokens": "^3.0.0 || ^4.0.0"
      },
      "bin": {
        "loose-envify": "cli.js"
      }
    },
    "node_modules/react": {
      "version": "18.2.0",
      "resolved": "https://registry.npmjs.org/react/-/react-18.2.0.tgz",
      "integrity": "sha512-/3IjMdb2L9QbBdWiW5e3P2/npwMBaU9mHCSCUzNln0ZCYbcfTsGbTJrU/kGemdH2IWmB2ioZ+zkxtmq6g09fGQ==",
      "peer": true,
      "dependencies": {
        "loose-envify": "^1.1.0"
      },
      "engines": {
        "node": ">=0.10.0"
      }
    }
  }
}
